
Microsoft Visual Studio Solution File, Format Version 12.00
# Visual Studio 15
VisualStudioVersion = 15.0.28307.136
MinimumVisualStudioVersion = 10.0.40219.1
Project("{8BC9CEB8-8B4A-11D0-8D11-00A0C91BC942}") = "2d_arrays", "2d_arrays\2d_arrays.vcxproj", "{5C6C0F5B-346A-4F46-AA16-6E14C6C31DDA}"
EndProject
Global
	GlobalSection(SolutionConfigurationPlatforms) = preSolution
		Debug|x64 = Debug|x64
		Debug|x86 = Debug|x86
		Release|x64 = Release|x64
		Release|x86 = Release|x86
	EndGlobalSection
	GlobalSection(ProjectConfigurationPlatforms) = postSolution
		{5C6C0F5B-346A-4F46-AA16-6E14C6C31DDA}.Debug|x64.ActiveCfg = Debug|x64
		{5C6C0F5B-346A-4F46-AA16-6E14C6C31DDA}.Debug|x64.Build.0 = Debug|x64
		{5C6C0F5B-346A-4F46-AA16-6E14C6C31DDA}.Debug|x86.ActiveCfg = Debug|Win32
		{5C6C0F5B-346A-4F46-AA16-6E14C6C31DDA}.Debug|x86.Build.0 = Debug|Win32
		{5C6C0F5B-346A-4F46-AA16-6E14C6C31DDA}.Release|x64.ActiveCfg = Release|x64
		{5C6C0F5B-346A-4F46-AA16-6E14C6C31DDA}.Release|x64.Build.0 = Release|x64
		{5C6C0F5B-346A-4F46-AA16-6E14C6C31DDA}.Release|x86.ActiveCfg = Release|Win32
		{5C6C0F5B-346A-4F46-AA16-6E14C6C31DDA}.Release|x86.Build.0 = Release|Win32
	EndGlobalSection
	GlobalSection(SolutionProperties) = preSolution
		HideSolutionNode = FALSE
	EndGlobalSection
	GlobalSection(ExtensibilityGlobals) = postSolution
		SolutionGuid = {481CEB51-A0C5-45CC-A8E2-5EC9150A87CB}
	EndGlobalSection
EndGlobal
