
Microsoft Visual Studio Solution File, Format Version 12.00
# Visual Studio 15
VisualStudioVersion = 15.0.28307.136
MinimumVisualStudioVersion = 10.0.40219.1
Project("{8BC9CEB8-8B4A-11D0-8D11-00A0C91BC942}") = "print_binary", "dynamic_programming_1\dynamic_programming_1.vcxproj", "{F4374CE6-12EC-4231-8CAA-A5CFF5EE5E2D}"
EndProject
Project("{8BC9CEB8-8B4A-11D0-8D11-00A0C91BC942}") = "knapsack", "knapsack\knapsack.vcxproj", "{3C703EF4-4EC6-4A18-8FBB-17AEBAB29F3E}"
EndProject
Global
	GlobalSection(SolutionConfigurationPlatforms) = preSolution
		Debug|x64 = Debug|x64
		Debug|x86 = Debug|x86
		Release|x64 = Release|x64
		Release|x86 = Release|x86
	EndGlobalSection
	GlobalSection(ProjectConfigurationPlatforms) = postSolution
		{F4374CE6-12EC-4231-8CAA-A5CFF5EE5E2D}.Debug|x64.ActiveCfg = Debug|x64
		{F4374CE6-12EC-4231-8CAA-A5CFF5EE5E2D}.Debug|x64.Build.0 = Debug|x64
		{F4374CE6-12EC-4231-8CAA-A5CFF5EE5E2D}.Debug|x86.ActiveCfg = Debug|Win32
		{F4374CE6-12EC-4231-8CAA-A5CFF5EE5E2D}.Debug|x86.Build.0 = Debug|Win32
		{F4374CE6-12EC-4231-8CAA-A5CFF5EE5E2D}.Release|x64.ActiveCfg = Release|x64
		{F4374CE6-12EC-4231-8CAA-A5CFF5EE5E2D}.Release|x64.Build.0 = Release|x64
		{F4374CE6-12EC-4231-8CAA-A5CFF5EE5E2D}.Release|x86.ActiveCfg = Release|Win32
		{F4374CE6-12EC-4231-8CAA-A5CFF5EE5E2D}.Release|x86.Build.0 = Release|Win32
		{3C703EF4-4EC6-4A18-8FBB-17AEBAB29F3E}.Debug|x64.ActiveCfg = Debug|x64
		{3C703EF4-4EC6-4A18-8FBB-17AEBAB29F3E}.Debug|x64.Build.0 = Debug|x64
		{3C703EF4-4EC6-4A18-8FBB-17AEBAB29F3E}.Debug|x86.ActiveCfg = Debug|Win32
		{3C703EF4-4EC6-4A18-8FBB-17AEBAB29F3E}.Debug|x86.Build.0 = Debug|Win32
		{3C703EF4-4EC6-4A18-8FBB-17AEBAB29F3E}.Release|x64.ActiveCfg = Release|x64
		{3C703EF4-4EC6-4A18-8FBB-17AEBAB29F3E}.Release|x64.Build.0 = Release|x64
		{3C703EF4-4EC6-4A18-8FBB-17AEBAB29F3E}.Release|x86.ActiveCfg = Release|Win32
		{3C703EF4-4EC6-4A18-8FBB-17AEBAB29F3E}.Release|x86.Build.0 = Release|Win32
	EndGlobalSection
	GlobalSection(SolutionProperties) = preSolution
		HideSolutionNode = FALSE
	EndGlobalSection
	GlobalSection(ExtensibilityGlobals) = postSolution
		SolutionGuid = {4FDAD7EA-2BC2-4692-9A29-3A24B66D80D4}
	EndGlobalSection
EndGlobal
