
Microsoft Visual Studio Solution File, Format Version 12.00
# Visual Studio 15
VisualStudioVersion = 15.0.28307.136
MinimumVisualStudioVersion = 10.0.40219.1
Project("{8BC9CEB8-8B4A-11D0-8D11-00A0C91BC942}") = "OOP_1", "OOP_1\OOP_1.vcxproj", "{822966D3-6168-45D3-9121-33215125569D}"
EndProject
Project("{8BC9CEB8-8B4A-11D0-8D11-00A0C91BC942}") = "OOP_2", "OOP_2\OOP_2.vcxproj", "{1FF3328D-5C74-41CD-AE01-13245B1461E1}"
EndProject
Project("{8BC9CEB8-8B4A-11D0-8D11-00A0C91BC942}") = "open_MP", "open_MP\open_MP.vcxproj", "{289F8CC2-4DB5-4079-9206-676CB3AF7F51}"
EndProject
Project("{8BC9CEB8-8B4A-11D0-8D11-00A0C91BC942}") = "OOP_3", "OOP_3\OOP_3.vcxproj", "{2D9CF067-1A8D-4D56-8BEE-68FF07D948B0}"
EndProject
Project("{8BC9CEB8-8B4A-11D0-8D11-00A0C91BC942}") = "OOP_4", "OOP_4\OOP_4.vcxproj", "{26B1EEB9-7171-4CC6-8174-FE289F1E3CBD}"
EndProject
Project("{8BC9CEB8-8B4A-11D0-8D11-00A0C91BC942}") = "OOP_5", "OOP_5\OOP_5.vcxproj", "{5BA5DE28-CD6A-404A-8073-5ED30136C1E1}"
EndProject
Project("{8BC9CEB8-8B4A-11D0-8D11-00A0C91BC942}") = "OOP_6", "OOP_6\OOP_6.vcxproj", "{801A51D8-DE33-4FCC-8EB9-693CF113587A}"
EndProject
Project("{8BC9CEB8-8B4A-11D0-8D11-00A0C91BC942}") = "OOP_7", "OOP_7\OOP_7.vcxproj", "{5BB11968-3B38-44D4-AA6F-9E2B5B39C639}"
EndProject
Global
	GlobalSection(SolutionConfigurationPlatforms) = preSolution
		Debug|x64 = Debug|x64
		Debug|x86 = Debug|x86
		Release|x64 = Release|x64
		Release|x86 = Release|x86
	EndGlobalSection
	GlobalSection(ProjectConfigurationPlatforms) = postSolution
		{822966D3-6168-45D3-9121-33215125569D}.Debug|x64.ActiveCfg = Debug|x64
		{822966D3-6168-45D3-9121-33215125569D}.Debug|x64.Build.0 = Debug|x64
		{822966D3-6168-45D3-9121-33215125569D}.Debug|x86.ActiveCfg = Debug|Win32
		{822966D3-6168-45D3-9121-33215125569D}.Debug|x86.Build.0 = Debug|Win32
		{822966D3-6168-45D3-9121-33215125569D}.Release|x64.ActiveCfg = Release|x64
		{822966D3-6168-45D3-9121-33215125569D}.Release|x64.Build.0 = Release|x64
		{822966D3-6168-45D3-9121-33215125569D}.Release|x86.ActiveCfg = Release|Win32
		{822966D3-6168-45D3-9121-33215125569D}.Release|x86.Build.0 = Release|Win32
		{1FF3328D-5C74-41CD-AE01-13245B1461E1}.Debug|x64.ActiveCfg = Debug|x64
		{1FF3328D-5C74-41CD-AE01-13245B1461E1}.Debug|x64.Build.0 = Debug|x64
		{1FF3328D-5C74-41CD-AE01-13245B1461E1}.Debug|x86.ActiveCfg = Debug|Win32
		{1FF3328D-5C74-41CD-AE01-13245B1461E1}.Debug|x86.Build.0 = Debug|Win32
		{1FF3328D-5C74-41CD-AE01-13245B1461E1}.Release|x64.ActiveCfg = Release|x64
		{1FF3328D-5C74-41CD-AE01-13245B1461E1}.Release|x64.Build.0 = Release|x64
		{1FF3328D-5C74-41CD-AE01-13245B1461E1}.Release|x86.ActiveCfg = Release|Win32
		{1FF3328D-5C74-41CD-AE01-13245B1461E1}.Release|x86.Build.0 = Release|Win32
		{289F8CC2-4DB5-4079-9206-676CB3AF7F51}.Debug|x64.ActiveCfg = Debug|x64
		{289F8CC2-4DB5-4079-9206-676CB3AF7F51}.Debug|x64.Build.0 = Debug|x64
		{289F8CC2-4DB5-4079-9206-676CB3AF7F51}.Debug|x86.ActiveCfg = Debug|Win32
		{289F8CC2-4DB5-4079-9206-676CB3AF7F51}.Debug|x86.Build.0 = Debug|Win32
		{289F8CC2-4DB5-4079-9206-676CB3AF7F51}.Release|x64.ActiveCfg = Release|x64
		{289F8CC2-4DB5-4079-9206-676CB3AF7F51}.Release|x64.Build.0 = Release|x64
		{289F8CC2-4DB5-4079-9206-676CB3AF7F51}.Release|x86.ActiveCfg = Release|Win32
		{289F8CC2-4DB5-4079-9206-676CB3AF7F51}.Release|x86.Build.0 = Release|Win32
		{2D9CF067-1A8D-4D56-8BEE-68FF07D948B0}.Debug|x64.ActiveCfg = Debug|x64
		{2D9CF067-1A8D-4D56-8BEE-68FF07D948B0}.Debug|x64.Build.0 = Debug|x64
		{2D9CF067-1A8D-4D56-8BEE-68FF07D948B0}.Debug|x86.ActiveCfg = Debug|Win32
		{2D9CF067-1A8D-4D56-8BEE-68FF07D948B0}.Debug|x86.Build.0 = Debug|Win32
		{2D9CF067-1A8D-4D56-8BEE-68FF07D948B0}.Release|x64.ActiveCfg = Release|x64
		{2D9CF067-1A8D-4D56-8BEE-68FF07D948B0}.Release|x64.Build.0 = Release|x64
		{2D9CF067-1A8D-4D56-8BEE-68FF07D948B0}.Release|x86.ActiveCfg = Release|Win32
		{2D9CF067-1A8D-4D56-8BEE-68FF07D948B0}.Release|x86.Build.0 = Release|Win32
		{26B1EEB9-7171-4CC6-8174-FE289F1E3CBD}.Debug|x64.ActiveCfg = Debug|x64
		{26B1EEB9-7171-4CC6-8174-FE289F1E3CBD}.Debug|x64.Build.0 = Debug|x64
		{26B1EEB9-7171-4CC6-8174-FE289F1E3CBD}.Debug|x86.ActiveCfg = Debug|Win32
		{26B1EEB9-7171-4CC6-8174-FE289F1E3CBD}.Debug|x86.Build.0 = Debug|Win32
		{26B1EEB9-7171-4CC6-8174-FE289F1E3CBD}.Release|x64.ActiveCfg = Release|x64
		{26B1EEB9-7171-4CC6-8174-FE289F1E3CBD}.Release|x64.Build.0 = Release|x64
		{26B1EEB9-7171-4CC6-8174-FE289F1E3CBD}.Release|x86.ActiveCfg = Release|Win32
		{26B1EEB9-7171-4CC6-8174-FE289F1E3CBD}.Release|x86.Build.0 = Release|Win32
		{5BA5DE28-CD6A-404A-8073-5ED30136C1E1}.Debug|x64.ActiveCfg = Debug|x64
		{5BA5DE28-CD6A-404A-8073-5ED30136C1E1}.Debug|x64.Build.0 = Debug|x64
		{5BA5DE28-CD6A-404A-8073-5ED30136C1E1}.Debug|x86.ActiveCfg = Debug|Win32
		{5BA5DE28-CD6A-404A-8073-5ED30136C1E1}.Debug|x86.Build.0 = Debug|Win32
		{5BA5DE28-CD6A-404A-8073-5ED30136C1E1}.Release|x64.ActiveCfg = Release|x64
		{5BA5DE28-CD6A-404A-8073-5ED30136C1E1}.Release|x64.Build.0 = Release|x64
		{5BA5DE28-CD6A-404A-8073-5ED30136C1E1}.Release|x86.ActiveCfg = Release|Win32
		{5BA5DE28-CD6A-404A-8073-5ED30136C1E1}.Release|x86.Build.0 = Release|Win32
		{801A51D8-DE33-4FCC-8EB9-693CF113587A}.Debug|x64.ActiveCfg = Debug|x64
		{801A51D8-DE33-4FCC-8EB9-693CF113587A}.Debug|x64.Build.0 = Debug|x64
		{801A51D8-DE33-4FCC-8EB9-693CF113587A}.Debug|x86.ActiveCfg = Debug|Win32
		{801A51D8-DE33-4FCC-8EB9-693CF113587A}.Debug|x86.Build.0 = Debug|Win32
		{801A51D8-DE33-4FCC-8EB9-693CF113587A}.Release|x64.ActiveCfg = Release|x64
		{801A51D8-DE33-4FCC-8EB9-693CF113587A}.Release|x64.Build.0 = Release|x64
		{801A51D8-DE33-4FCC-8EB9-693CF113587A}.Release|x86.ActiveCfg = Release|Win32
		{801A51D8-DE33-4FCC-8EB9-693CF113587A}.Release|x86.Build.0 = Release|Win32
		{5BB11968-3B38-44D4-AA6F-9E2B5B39C639}.Debug|x64.ActiveCfg = Debug|x64
		{5BB11968-3B38-44D4-AA6F-9E2B5B39C639}.Debug|x64.Build.0 = Debug|x64
		{5BB11968-3B38-44D4-AA6F-9E2B5B39C639}.Debug|x86.ActiveCfg = Debug|Win32
		{5BB11968-3B38-44D4-AA6F-9E2B5B39C639}.Debug|x86.Build.0 = Debug|Win32
		{5BB11968-3B38-44D4-AA6F-9E2B5B39C639}.Release|x64.ActiveCfg = Release|x64
		{5BB11968-3B38-44D4-AA6F-9E2B5B39C639}.Release|x64.Build.0 = Release|x64
		{5BB11968-3B38-44D4-AA6F-9E2B5B39C639}.Release|x86.ActiveCfg = Release|Win32
		{5BB11968-3B38-44D4-AA6F-9E2B5B39C639}.Release|x86.Build.0 = Release|Win32
	EndGlobalSection
	GlobalSection(SolutionProperties) = preSolution
		HideSolutionNode = FALSE
	EndGlobalSection
	GlobalSection(ExtensibilityGlobals) = postSolution
		SolutionGuid = {2ACFFBE8-1F37-496C-856D-8126AC993F15}
	EndGlobalSection
EndGlobal
