
Microsoft Visual Studio Solution File, Format Version 12.00
# Visual Studio 15
VisualStudioVersion = 15.0.28307.136
MinimumVisualStudioVersion = 10.0.40219.1
Project("{8BC9CEB8-8B4A-11D0-8D11-00A0C91BC942}") = "templates", "templates\templates.vcxproj", "{26B19457-9B8D-4758-AD82-107F1FB65C75}"
EndProject
Project("{8BC9CEB8-8B4A-11D0-8D11-00A0C91BC942}") = "preprocessor", "preprocessor\preprocessor.vcxproj", "{4FC929A2-1FC1-4879-9490-CD7114508EF4}"
EndProject
Project("{8BC9CEB8-8B4A-11D0-8D11-00A0C91BC942}") = "preprocessor_dynamic_array", "preprocessor_dynamic_array\preprocessor_dynamic_array.vcxproj", "{3C7E9077-51A4-4367-B3F2-58F26E25B3B5}"
EndProject
Global
	GlobalSection(SolutionConfigurationPlatforms) = preSolution
		Debug|x64 = Debug|x64
		Debug|x86 = Debug|x86
		Release|x64 = Release|x64
		Release|x86 = Release|x86
	EndGlobalSection
	GlobalSection(ProjectConfigurationPlatforms) = postSolution
		{26B19457-9B8D-4758-AD82-107F1FB65C75}.Debug|x64.ActiveCfg = Debug|x64
		{26B19457-9B8D-4758-AD82-107F1FB65C75}.Debug|x64.Build.0 = Debug|x64
		{26B19457-9B8D-4758-AD82-107F1FB65C75}.Debug|x86.ActiveCfg = Debug|Win32
		{26B19457-9B8D-4758-AD82-107F1FB65C75}.Debug|x86.Build.0 = Debug|Win32
		{26B19457-9B8D-4758-AD82-107F1FB65C75}.Release|x64.ActiveCfg = Release|x64
		{26B19457-9B8D-4758-AD82-107F1FB65C75}.Release|x64.Build.0 = Release|x64
		{26B19457-9B8D-4758-AD82-107F1FB65C75}.Release|x86.ActiveCfg = Release|Win32
		{26B19457-9B8D-4758-AD82-107F1FB65C75}.Release|x86.Build.0 = Release|Win32
		{4FC929A2-1FC1-4879-9490-CD7114508EF4}.Debug|x64.ActiveCfg = Debug|x64
		{4FC929A2-1FC1-4879-9490-CD7114508EF4}.Debug|x64.Build.0 = Debug|x64
		{4FC929A2-1FC1-4879-9490-CD7114508EF4}.Debug|x86.ActiveCfg = Debug|Win32
		{4FC929A2-1FC1-4879-9490-CD7114508EF4}.Debug|x86.Build.0 = Debug|Win32
		{4FC929A2-1FC1-4879-9490-CD7114508EF4}.Release|x64.ActiveCfg = Release|x64
		{4FC929A2-1FC1-4879-9490-CD7114508EF4}.Release|x64.Build.0 = Release|x64
		{4FC929A2-1FC1-4879-9490-CD7114508EF4}.Release|x86.ActiveCfg = Release|Win32
		{4FC929A2-1FC1-4879-9490-CD7114508EF4}.Release|x86.Build.0 = Release|Win32
		{3C7E9077-51A4-4367-B3F2-58F26E25B3B5}.Debug|x64.ActiveCfg = Debug|x64
		{3C7E9077-51A4-4367-B3F2-58F26E25B3B5}.Debug|x64.Build.0 = Debug|x64
		{3C7E9077-51A4-4367-B3F2-58F26E25B3B5}.Debug|x86.ActiveCfg = Debug|Win32
		{3C7E9077-51A4-4367-B3F2-58F26E25B3B5}.Debug|x86.Build.0 = Debug|Win32
		{3C7E9077-51A4-4367-B3F2-58F26E25B3B5}.Release|x64.ActiveCfg = Release|x64
		{3C7E9077-51A4-4367-B3F2-58F26E25B3B5}.Release|x64.Build.0 = Release|x64
		{3C7E9077-51A4-4367-B3F2-58F26E25B3B5}.Release|x86.ActiveCfg = Release|Win32
		{3C7E9077-51A4-4367-B3F2-58F26E25B3B5}.Release|x86.Build.0 = Release|Win32
	EndGlobalSection
	GlobalSection(SolutionProperties) = preSolution
		HideSolutionNode = FALSE
	EndGlobalSection
	GlobalSection(ExtensibilityGlobals) = postSolution
		SolutionGuid = {12751DC5-58A5-4308-9BE0-F97041BFC381}
	EndGlobalSection
EndGlobal
