
Microsoft Visual Studio Solution File, Format Version 12.00
# Visual Studio 15
VisualStudioVersion = 15.0.28307.136
MinimumVisualStudioVersion = 10.0.40219.1
Project("{8BC9CEB8-8B4A-11D0-8D11-00A0C91BC942}") = "dynamic_array", "dynamic_array\dynamic_array.vcxproj", "{FC0757F9-E661-4BC0-A9AC-49D7E6AB922F}"
EndProject
Project("{8BC9CEB8-8B4A-11D0-8D11-00A0C91BC942}") = "dynamic_array_struct", "dynamic_array_struct\dynamic_array_struct.vcxproj", "{AD13EB1F-9A19-4D58-9BC6-27AB18ACEE0A}"
EndProject
Global
	GlobalSection(SolutionConfigurationPlatforms) = preSolution
		Debug|x64 = Debug|x64
		Debug|x86 = Debug|x86
		Release|x64 = Release|x64
		Release|x86 = Release|x86
	EndGlobalSection
	GlobalSection(ProjectConfigurationPlatforms) = postSolution
		{FC0757F9-E661-4BC0-A9AC-49D7E6AB922F}.Debug|x64.ActiveCfg = Debug|x64
		{FC0757F9-E661-4BC0-A9AC-49D7E6AB922F}.Debug|x64.Build.0 = Debug|x64
		{FC0757F9-E661-4BC0-A9AC-49D7E6AB922F}.Debug|x86.ActiveCfg = Debug|Win32
		{FC0757F9-E661-4BC0-A9AC-49D7E6AB922F}.Debug|x86.Build.0 = Debug|Win32
		{FC0757F9-E661-4BC0-A9AC-49D7E6AB922F}.Release|x64.ActiveCfg = Release|x64
		{FC0757F9-E661-4BC0-A9AC-49D7E6AB922F}.Release|x64.Build.0 = Release|x64
		{FC0757F9-E661-4BC0-A9AC-49D7E6AB922F}.Release|x86.ActiveCfg = Release|Win32
		{FC0757F9-E661-4BC0-A9AC-49D7E6AB922F}.Release|x86.Build.0 = Release|Win32
		{AD13EB1F-9A19-4D58-9BC6-27AB18ACEE0A}.Debug|x64.ActiveCfg = Debug|x64
		{AD13EB1F-9A19-4D58-9BC6-27AB18ACEE0A}.Debug|x64.Build.0 = Debug|x64
		{AD13EB1F-9A19-4D58-9BC6-27AB18ACEE0A}.Debug|x86.ActiveCfg = Debug|Win32
		{AD13EB1F-9A19-4D58-9BC6-27AB18ACEE0A}.Debug|x86.Build.0 = Debug|Win32
		{AD13EB1F-9A19-4D58-9BC6-27AB18ACEE0A}.Release|x64.ActiveCfg = Release|x64
		{AD13EB1F-9A19-4D58-9BC6-27AB18ACEE0A}.Release|x64.Build.0 = Release|x64
		{AD13EB1F-9A19-4D58-9BC6-27AB18ACEE0A}.Release|x86.ActiveCfg = Release|Win32
		{AD13EB1F-9A19-4D58-9BC6-27AB18ACEE0A}.Release|x86.Build.0 = Release|Win32
	EndGlobalSection
	GlobalSection(SolutionProperties) = preSolution
		HideSolutionNode = FALSE
	EndGlobalSection
	GlobalSection(ExtensibilityGlobals) = postSolution
		SolutionGuid = {4A58FDA5-BF48-402D-A93B-80FD158DBB79}
	EndGlobalSection
EndGlobal
