
Microsoft Visual Studio Solution File, Format Version 12.00
# Visual Studio 15
VisualStudioVersion = 15.0.28307.136
MinimumVisualStudioVersion = 10.0.40219.1
Project("{8BC9CEB8-8B4A-11D0-8D11-00A0C91BC942}") = "oop_vs_dod", "oop_vs_dod\oop_vs_dod.vcxproj", "{38563FE0-6804-41EB-A8C3-ADF4C22244D9}"
EndProject
Project("{8BC9CEB8-8B4A-11D0-8D11-00A0C91BC942}") = "box_manager", "box_manager\box_manager.vcxproj", "{CDE0B4A9-5A1D-428A-B1F8-A5BAEE79E85D}"
EndProject
Project("{8BC9CEB8-8B4A-11D0-8D11-00A0C91BC942}") = "box_manager_dod", "box_manager_dod\box_manager_dod.vcxproj", "{767E8A3E-010E-45CA-BF01-B8C99AD38577}"
EndProject
Project("{8BC9CEB8-8B4A-11D0-8D11-00A0C91BC942}") = "box_dod2", "box_dod2\box_dod2.vcxproj", "{7305AD32-4FE3-4CDB-892A-7F6B8DFC49A4}"
EndProject
Global
	GlobalSection(SolutionConfigurationPlatforms) = preSolution
		Debug|x64 = Debug|x64
		Debug|x86 = Debug|x86
		Release|x64 = Release|x64
		Release|x86 = Release|x86
	EndGlobalSection
	GlobalSection(ProjectConfigurationPlatforms) = postSolution
		{38563FE0-6804-41EB-A8C3-ADF4C22244D9}.Debug|x64.ActiveCfg = Debug|x64
		{38563FE0-6804-41EB-A8C3-ADF4C22244D9}.Debug|x64.Build.0 = Debug|x64
		{38563FE0-6804-41EB-A8C3-ADF4C22244D9}.Debug|x86.ActiveCfg = Debug|Win32
		{38563FE0-6804-41EB-A8C3-ADF4C22244D9}.Debug|x86.Build.0 = Debug|Win32
		{38563FE0-6804-41EB-A8C3-ADF4C22244D9}.Release|x64.ActiveCfg = Release|x64
		{38563FE0-6804-41EB-A8C3-ADF4C22244D9}.Release|x64.Build.0 = Release|x64
		{38563FE0-6804-41EB-A8C3-ADF4C22244D9}.Release|x86.ActiveCfg = Release|Win32
		{38563FE0-6804-41EB-A8C3-ADF4C22244D9}.Release|x86.Build.0 = Release|Win32
		{CDE0B4A9-5A1D-428A-B1F8-A5BAEE79E85D}.Debug|x64.ActiveCfg = Debug|x64
		{CDE0B4A9-5A1D-428A-B1F8-A5BAEE79E85D}.Debug|x64.Build.0 = Debug|x64
		{CDE0B4A9-5A1D-428A-B1F8-A5BAEE79E85D}.Debug|x86.ActiveCfg = Debug|Win32
		{CDE0B4A9-5A1D-428A-B1F8-A5BAEE79E85D}.Debug|x86.Build.0 = Debug|Win32
		{CDE0B4A9-5A1D-428A-B1F8-A5BAEE79E85D}.Release|x64.ActiveCfg = Release|x64
		{CDE0B4A9-5A1D-428A-B1F8-A5BAEE79E85D}.Release|x64.Build.0 = Release|x64
		{CDE0B4A9-5A1D-428A-B1F8-A5BAEE79E85D}.Release|x86.ActiveCfg = Release|Win32
		{CDE0B4A9-5A1D-428A-B1F8-A5BAEE79E85D}.Release|x86.Build.0 = Release|Win32
		{767E8A3E-010E-45CA-BF01-B8C99AD38577}.Debug|x64.ActiveCfg = Debug|x64
		{767E8A3E-010E-45CA-BF01-B8C99AD38577}.Debug|x64.Build.0 = Debug|x64
		{767E8A3E-010E-45CA-BF01-B8C99AD38577}.Debug|x86.ActiveCfg = Debug|Win32
		{767E8A3E-010E-45CA-BF01-B8C99AD38577}.Debug|x86.Build.0 = Debug|Win32
		{767E8A3E-010E-45CA-BF01-B8C99AD38577}.Release|x64.ActiveCfg = Release|x64
		{767E8A3E-010E-45CA-BF01-B8C99AD38577}.Release|x64.Build.0 = Release|x64
		{767E8A3E-010E-45CA-BF01-B8C99AD38577}.Release|x86.ActiveCfg = Release|Win32
		{767E8A3E-010E-45CA-BF01-B8C99AD38577}.Release|x86.Build.0 = Release|Win32
		{7305AD32-4FE3-4CDB-892A-7F6B8DFC49A4}.Debug|x64.ActiveCfg = Debug|x64
		{7305AD32-4FE3-4CDB-892A-7F6B8DFC49A4}.Debug|x64.Build.0 = Debug|x64
		{7305AD32-4FE3-4CDB-892A-7F6B8DFC49A4}.Debug|x86.ActiveCfg = Debug|Win32
		{7305AD32-4FE3-4CDB-892A-7F6B8DFC49A4}.Debug|x86.Build.0 = Debug|Win32
		{7305AD32-4FE3-4CDB-892A-7F6B8DFC49A4}.Release|x64.ActiveCfg = Release|x64
		{7305AD32-4FE3-4CDB-892A-7F6B8DFC49A4}.Release|x64.Build.0 = Release|x64
		{7305AD32-4FE3-4CDB-892A-7F6B8DFC49A4}.Release|x86.ActiveCfg = Release|Win32
		{7305AD32-4FE3-4CDB-892A-7F6B8DFC49A4}.Release|x86.Build.0 = Release|Win32
	EndGlobalSection
	GlobalSection(SolutionProperties) = preSolution
		HideSolutionNode = FALSE
	EndGlobalSection
	GlobalSection(ExtensibilityGlobals) = postSolution
		SolutionGuid = {8B47F1D3-82C8-4A3C-90E8-00DCBF172AAC}
	EndGlobalSection
EndGlobal
