
Microsoft Visual Studio Solution File, Format Version 12.00
# Visual Studio 15
VisualStudioVersion = 15.0.28307.136
MinimumVisualStudioVersion = 10.0.40219.1
Project("{8BC9CEB8-8B4A-11D0-8D11-00A0C91BC942}") = "SDL_gameoflife", "SDL_gameoflife\SDL_gameoflife.vcxproj", "{4A2BB04A-CA00-43B5-BDD9-C5A0E15D78F2}"
EndProject
Global
	GlobalSection(SolutionConfigurationPlatforms) = preSolution
		Debug|x64 = Debug|x64
		Debug|x86 = Debug|x86
		Release|x64 = Release|x64
		Release|x86 = Release|x86
	EndGlobalSection
	GlobalSection(ProjectConfigurationPlatforms) = postSolution
		{4A2BB04A-CA00-43B5-BDD9-C5A0E15D78F2}.Debug|x64.ActiveCfg = Debug|x64
		{4A2BB04A-CA00-43B5-BDD9-C5A0E15D78F2}.Debug|x64.Build.0 = Debug|x64
		{4A2BB04A-CA00-43B5-BDD9-C5A0E15D78F2}.Debug|x86.ActiveCfg = Debug|Win32
		{4A2BB04A-CA00-43B5-BDD9-C5A0E15D78F2}.Debug|x86.Build.0 = Debug|Win32
		{4A2BB04A-CA00-43B5-BDD9-C5A0E15D78F2}.Release|x64.ActiveCfg = Release|x64
		{4A2BB04A-CA00-43B5-BDD9-C5A0E15D78F2}.Release|x64.Build.0 = Release|x64
		{4A2BB04A-CA00-43B5-BDD9-C5A0E15D78F2}.Release|x86.ActiveCfg = Release|Win32
		{4A2BB04A-CA00-43B5-BDD9-C5A0E15D78F2}.Release|x86.Build.0 = Release|Win32
	EndGlobalSection
	GlobalSection(SolutionProperties) = preSolution
		HideSolutionNode = FALSE
	EndGlobalSection
	GlobalSection(ExtensibilityGlobals) = postSolution
		SolutionGuid = {94410F5C-B006-46D7-BD93-82BB61275F40}
	EndGlobalSection
EndGlobal
