
Microsoft Visual Studio Solution File, Format Version 12.00
# Visual Studio Version 16
VisualStudioVersion = 16.0.29102.190
MinimumVisualStudioVersion = 10.0.40219.1
Project("{8BC9CEB8-8B4A-11D0-8D11-00A0C91BC942}") = "SDL_gameoflife", "SDL_gameoflife\SDL_gameoflife.vcxproj", "{4A2BB04A-CA00-43B5-BDD9-C5A0E15D78F2}"
EndProject
Project("{8BC9CEB8-8B4A-11D0-8D11-00A0C91BC942}") = "verlett", "verlett\verlett.vcxproj", "{AC517150-205D-4D86-88C5-5B5460A41BB5}"
EndProject
Project("{8BC9CEB8-8B4A-11D0-8D11-00A0C91BC942}") = "verlett_balls", "verlett_balls\verlett_balls.vcxproj", "{01A0E49B-8151-4533-8A79-855A7BB0B950}"
EndProject
Global
	GlobalSection(SolutionConfigurationPlatforms) = preSolution
		Debug|x64 = Debug|x64
		Debug|x86 = Debug|x86
		Release|x64 = Release|x64
		Release|x86 = Release|x86
	EndGlobalSection
	GlobalSection(ProjectConfigurationPlatforms) = postSolution
		{4A2BB04A-CA00-43B5-BDD9-C5A0E15D78F2}.Debug|x64.ActiveCfg = Debug|x64
		{4A2BB04A-CA00-43B5-BDD9-C5A0E15D78F2}.Debug|x64.Build.0 = Debug|x64
		{4A2BB04A-CA00-43B5-BDD9-C5A0E15D78F2}.Debug|x86.ActiveCfg = Debug|Win32
		{4A2BB04A-CA00-43B5-BDD9-C5A0E15D78F2}.Debug|x86.Build.0 = Debug|Win32
		{4A2BB04A-CA00-43B5-BDD9-C5A0E15D78F2}.Release|x64.ActiveCfg = Release|x64
		{4A2BB04A-CA00-43B5-BDD9-C5A0E15D78F2}.Release|x64.Build.0 = Release|x64
		{4A2BB04A-CA00-43B5-BDD9-C5A0E15D78F2}.Release|x86.ActiveCfg = Release|Win32
		{4A2BB04A-CA00-43B5-BDD9-C5A0E15D78F2}.Release|x86.Build.0 = Release|Win32
		{AC517150-205D-4D86-88C5-5B5460A41BB5}.Debug|x64.ActiveCfg = Debug|x64
		{AC517150-205D-4D86-88C5-5B5460A41BB5}.Debug|x64.Build.0 = Debug|x64
		{AC517150-205D-4D86-88C5-5B5460A41BB5}.Debug|x86.ActiveCfg = Debug|Win32
		{AC517150-205D-4D86-88C5-5B5460A41BB5}.Debug|x86.Build.0 = Debug|Win32
		{AC517150-205D-4D86-88C5-5B5460A41BB5}.Release|x64.ActiveCfg = Release|x64
		{AC517150-205D-4D86-88C5-5B5460A41BB5}.Release|x64.Build.0 = Release|x64
		{AC517150-205D-4D86-88C5-5B5460A41BB5}.Release|x86.ActiveCfg = Release|Win32
		{AC517150-205D-4D86-88C5-5B5460A41BB5}.Release|x86.Build.0 = Release|Win32
		{01A0E49B-8151-4533-8A79-855A7BB0B950}.Debug|x64.ActiveCfg = Debug|x64
		{01A0E49B-8151-4533-8A79-855A7BB0B950}.Debug|x64.Build.0 = Debug|x64
		{01A0E49B-8151-4533-8A79-855A7BB0B950}.Debug|x86.ActiveCfg = Debug|Win32
		{01A0E49B-8151-4533-8A79-855A7BB0B950}.Debug|x86.Build.0 = Debug|Win32
		{01A0E49B-8151-4533-8A79-855A7BB0B950}.Release|x64.ActiveCfg = Release|x64
		{01A0E49B-8151-4533-8A79-855A7BB0B950}.Release|x64.Build.0 = Release|x64
		{01A0E49B-8151-4533-8A79-855A7BB0B950}.Release|x86.ActiveCfg = Release|Win32
		{01A0E49B-8151-4533-8A79-855A7BB0B950}.Release|x86.Build.0 = Release|Win32
	EndGlobalSection
	GlobalSection(SolutionProperties) = preSolution
		HideSolutionNode = FALSE
	EndGlobalSection
	GlobalSection(ExtensibilityGlobals) = postSolution
		SolutionGuid = {94410F5C-B006-46D7-BD93-82BB61275F40}
	EndGlobalSection
EndGlobal
