
Microsoft Visual Studio Solution File, Format Version 12.00
# Visual Studio 15
VisualStudioVersion = 15.0.28010.2050
MinimumVisualStudioVersion = 10.0.40219.1
Project("{8BC9CEB8-8B4A-11D0-8D11-00A0C91BC942}") = "opengl_textures", "opengl_textures\opengl_textures.vcxproj", "{30933CF7-135C-44E5-A1F1-7992E09E6DCA}"
EndProject
Global
	GlobalSection(SolutionConfigurationPlatforms) = preSolution
		Debug|x64 = Debug|x64
		Debug|x86 = Debug|x86
		Release|x64 = Release|x64
		Release|x86 = Release|x86
	EndGlobalSection
	GlobalSection(ProjectConfigurationPlatforms) = postSolution
		{30933CF7-135C-44E5-A1F1-7992E09E6DCA}.Debug|x64.ActiveCfg = Debug|x64
		{30933CF7-135C-44E5-A1F1-7992E09E6DCA}.Debug|x64.Build.0 = Debug|x64
		{30933CF7-135C-44E5-A1F1-7992E09E6DCA}.Debug|x86.ActiveCfg = Debug|Win32
		{30933CF7-135C-44E5-A1F1-7992E09E6DCA}.Debug|x86.Build.0 = Debug|Win32
		{30933CF7-135C-44E5-A1F1-7992E09E6DCA}.Release|x64.ActiveCfg = Release|x64
		{30933CF7-135C-44E5-A1F1-7992E09E6DCA}.Release|x64.Build.0 = Release|x64
		{30933CF7-135C-44E5-A1F1-7992E09E6DCA}.Release|x86.ActiveCfg = Release|Win32
		{30933CF7-135C-44E5-A1F1-7992E09E6DCA}.Release|x86.Build.0 = Release|Win32
	EndGlobalSection
	GlobalSection(SolutionProperties) = preSolution
		HideSolutionNode = FALSE
	EndGlobalSection
	GlobalSection(ExtensibilityGlobals) = postSolution
		SolutionGuid = {65F9C602-3291-4266-BACD-F5D7DC22BCE2}
	EndGlobalSection
EndGlobal
