
Microsoft Visual Studio Solution File, Format Version 12.00
# Visual Studio 15
VisualStudioVersion = 15.0.28010.2041
MinimumVisualStudioVersion = 10.0.40219.1
Project("{8BC9CEB8-8B4A-11D0-8D11-00A0C91BC942}") = "problems", "problems\problems.vcxproj", "{1762F5B7-3E46-4D91-A9E7-09DFA4346B26}"
EndProject
Global
	GlobalSection(SolutionConfigurationPlatforms) = preSolution
		Debug|x64 = Debug|x64
		Debug|x86 = Debug|x86
		Release|x64 = Release|x64
		Release|x86 = Release|x86
	EndGlobalSection
	GlobalSection(ProjectConfigurationPlatforms) = postSolution
		{1762F5B7-3E46-4D91-A9E7-09DFA4346B26}.Debug|x64.ActiveCfg = Debug|x64
		{1762F5B7-3E46-4D91-A9E7-09DFA4346B26}.Debug|x64.Build.0 = Debug|x64
		{1762F5B7-3E46-4D91-A9E7-09DFA4346B26}.Debug|x86.ActiveCfg = Debug|Win32
		{1762F5B7-3E46-4D91-A9E7-09DFA4346B26}.Debug|x86.Build.0 = Debug|Win32
		{1762F5B7-3E46-4D91-A9E7-09DFA4346B26}.Release|x64.ActiveCfg = Release|x64
		{1762F5B7-3E46-4D91-A9E7-09DFA4346B26}.Release|x64.Build.0 = Release|x64
		{1762F5B7-3E46-4D91-A9E7-09DFA4346B26}.Release|x86.ActiveCfg = Release|Win32
		{1762F5B7-3E46-4D91-A9E7-09DFA4346B26}.Release|x86.Build.0 = Release|Win32
	EndGlobalSection
	GlobalSection(SolutionProperties) = preSolution
		HideSolutionNode = FALSE
	EndGlobalSection
	GlobalSection(ExtensibilityGlobals) = postSolution
		SolutionGuid = {E190A115-B835-4D6B-8077-511AD24CE0EE}
	EndGlobalSection
EndGlobal
