
Microsoft Visual Studio Solution File, Format Version 12.00
# Visual Studio 15
VisualStudioVersion = 15.0.28307.136
MinimumVisualStudioVersion = 10.0.40219.1
Project("{8BC9CEB8-8B4A-11D0-8D11-00A0C91BC942}") = "pointers_1", "pointers_1\pointers_1.vcxproj", "{BF96FDA2-76AF-4793-BB45-30B018E279EB}"
EndProject
Project("{8BC9CEB8-8B4A-11D0-8D11-00A0C91BC942}") = "pointers_2", "pointers_2\pointers_2.vcxproj", "{8701110A-6838-4F83-90A8-28CF50A63431}"
EndProject
Global
	GlobalSection(SolutionConfigurationPlatforms) = preSolution
		Debug|x64 = Debug|x64
		Debug|x86 = Debug|x86
		Release|x64 = Release|x64
		Release|x86 = Release|x86
	EndGlobalSection
	GlobalSection(ProjectConfigurationPlatforms) = postSolution
		{BF96FDA2-76AF-4793-BB45-30B018E279EB}.Debug|x64.ActiveCfg = Debug|x64
		{BF96FDA2-76AF-4793-BB45-30B018E279EB}.Debug|x64.Build.0 = Debug|x64
		{BF96FDA2-76AF-4793-BB45-30B018E279EB}.Debug|x86.ActiveCfg = Debug|Win32
		{BF96FDA2-76AF-4793-BB45-30B018E279EB}.Debug|x86.Build.0 = Debug|Win32
		{BF96FDA2-76AF-4793-BB45-30B018E279EB}.Release|x64.ActiveCfg = Release|x64
		{BF96FDA2-76AF-4793-BB45-30B018E279EB}.Release|x64.Build.0 = Release|x64
		{BF96FDA2-76AF-4793-BB45-30B018E279EB}.Release|x86.ActiveCfg = Release|Win32
		{BF96FDA2-76AF-4793-BB45-30B018E279EB}.Release|x86.Build.0 = Release|Win32
		{8701110A-6838-4F83-90A8-28CF50A63431}.Debug|x64.ActiveCfg = Debug|x64
		{8701110A-6838-4F83-90A8-28CF50A63431}.Debug|x64.Build.0 = Debug|x64
		{8701110A-6838-4F83-90A8-28CF50A63431}.Debug|x86.ActiveCfg = Debug|Win32
		{8701110A-6838-4F83-90A8-28CF50A63431}.Debug|x86.Build.0 = Debug|Win32
		{8701110A-6838-4F83-90A8-28CF50A63431}.Release|x64.ActiveCfg = Release|x64
		{8701110A-6838-4F83-90A8-28CF50A63431}.Release|x64.Build.0 = Release|x64
		{8701110A-6838-4F83-90A8-28CF50A63431}.Release|x86.ActiveCfg = Release|Win32
		{8701110A-6838-4F83-90A8-28CF50A63431}.Release|x86.Build.0 = Release|Win32
	EndGlobalSection
	GlobalSection(SolutionProperties) = preSolution
		HideSolutionNode = FALSE
	EndGlobalSection
	GlobalSection(ExtensibilityGlobals) = postSolution
		SolutionGuid = {330E3915-34E6-422D-8D9E-5D47BF9CE9F3}
	EndGlobalSection
EndGlobal
