
Microsoft Visual Studio Solution File, Format Version 12.00
# Visual Studio 15
VisualStudioVersion = 15.0.26430.16
MinimumVisualStudioVersion = 10.0.40219.1
Project("{8BC9CEB8-8B4A-11D0-8D11-00A0C91BC942}") = "text_adventure_game", "text_adventure_game\text_adventure_game.vcxproj", "{FEC5100D-9048-4AB2-B511-175F7E05A51C}"
EndProject
Global
	GlobalSection(SolutionConfigurationPlatforms) = preSolution
		Debug|x64 = Debug|x64
		Debug|x86 = Debug|x86
		Release|x64 = Release|x64
		Release|x86 = Release|x86
	EndGlobalSection
	GlobalSection(ProjectConfigurationPlatforms) = postSolution
		{FEC5100D-9048-4AB2-B511-175F7E05A51C}.Debug|x64.ActiveCfg = Debug|x64
		{FEC5100D-9048-4AB2-B511-175F7E05A51C}.Debug|x64.Build.0 = Debug|x64
		{FEC5100D-9048-4AB2-B511-175F7E05A51C}.Debug|x86.ActiveCfg = Debug|Win32
		{FEC5100D-9048-4AB2-B511-175F7E05A51C}.Debug|x86.Build.0 = Debug|Win32
		{FEC5100D-9048-4AB2-B511-175F7E05A51C}.Release|x64.ActiveCfg = Release|x64
		{FEC5100D-9048-4AB2-B511-175F7E05A51C}.Release|x64.Build.0 = Release|x64
		{FEC5100D-9048-4AB2-B511-175F7E05A51C}.Release|x86.ActiveCfg = Release|Win32
		{FEC5100D-9048-4AB2-B511-175F7E05A51C}.Release|x86.Build.0 = Release|Win32
	EndGlobalSection
	GlobalSection(SolutionProperties) = preSolution
		HideSolutionNode = FALSE
	EndGlobalSection
EndGlobal
